
Microsoft Visual Studio Solution File, Format Version 12.00
# Visual Studio Version 16
VisualStudioVersion = 16.0.29709.97
MinimumVisualStudioVersion = 10.0.40219.1
Project("{8BC9CEB8-8B4A-11D0-8D11-00A0C91BC942}") = "Ass1", "Ass1.vcxproj", "{672CDC9E-284B-4E6E-97EB-DCC2E4FA68EF}"
EndProject
Global
	GlobalSection(SolutionConfigurationPlatforms) = preSolution
		Debug|ARM = Debug|ARM
		Debug|ARM64 = Debug|ARM64
		Debug|x64 = Debug|x64
		Debug|x86 = Debug|x86
		Release|ARM = Release|ARM
		Release|ARM64 = Release|ARM64
		Release|x64 = Release|x64
		Release|x86 = Release|x86
	EndGlobalSection
	GlobalSection(ProjectConfigurationPlatforms) = postSolution
		{672CDC9E-284B-4E6E-97EB-DCC2E4FA68EF}.Debug|ARM.ActiveCfg = Debug|ARM
		{672CDC9E-284B-4E6E-97EB-DCC2E4FA68EF}.Debug|ARM.Build.0 = Debug|ARM
		{672CDC9E-284B-4E6E-97EB-DCC2E4FA68EF}.Debug|ARM.Deploy.0 = Debug|ARM
		{672CDC9E-284B-4E6E-97EB-DCC2E4FA68EF}.Debug|ARM64.ActiveCfg = Debug|ARM64
		{672CDC9E-284B-4E6E-97EB-DCC2E4FA68EF}.Debug|ARM64.Build.0 = Debug|ARM64
		{672CDC9E-284B-4E6E-97EB-DCC2E4FA68EF}.Debug|ARM64.Deploy.0 = Debug|ARM64
		{672CDC9E-284B-4E6E-97EB-DCC2E4FA68EF}.Debug|x64.ActiveCfg = Debug|x64
		{672CDC9E-284B-4E6E-97EB-DCC2E4FA68EF}.Debug|x64.Build.0 = Debug|x64
		{672CDC9E-284B-4E6E-97EB-DCC2E4FA68EF}.Debug|x64.Deploy.0 = Debug|x64
		{672CDC9E-284B-4E6E-97EB-DCC2E4FA68EF}.Debug|x86.ActiveCfg = Debug|x86
		{672CDC9E-284B-4E6E-97EB-DCC2E4FA68EF}.Debug|x86.Build.0 = Debug|x86
		{672CDC9E-284B-4E6E-97EB-DCC2E4FA68EF}.Debug|x86.Deploy.0 = Debug|x86
		{672CDC9E-284B-4E6E-97EB-DCC2E4FA68EF}.Release|ARM.ActiveCfg = Release|ARM
		{672CDC9E-284B-4E6E-97EB-DCC2E4FA68EF}.Release|ARM.Build.0 = Release|ARM
		{672CDC9E-284B-4E6E-97EB-DCC2E4FA68EF}.Release|ARM.Deploy.0 = Release|ARM
		{672CDC9E-284B-4E6E-97EB-DCC2E4FA68EF}.Release|ARM64.ActiveCfg = Release|ARM64
		{672CDC9E-284B-4E6E-97EB-DCC2E4FA68EF}.Release|ARM64.Build.0 = Release|ARM64
		{672CDC9E-284B-4E6E-97EB-DCC2E4FA68EF}.Release|ARM64.Deploy.0 = Release|ARM64
		{672CDC9E-284B-4E6E-97EB-DCC2E4FA68EF}.Release|x64.ActiveCfg = Release|x64
		{672CDC9E-284B-4E6E-97EB-DCC2E4FA68EF}.Release|x64.Build.0 = Release|x64
		{672CDC9E-284B-4E6E-97EB-DCC2E4FA68EF}.Release|x64.Deploy.0 = Release|x64
		{672CDC9E-284B-4E6E-97EB-DCC2E4FA68EF}.Release|x86.ActiveCfg = Release|x86
		{672CDC9E-284B-4E6E-97EB-DCC2E4FA68EF}.Release|x86.Build.0 = Release|x86
		{672CDC9E-284B-4E6E-97EB-DCC2E4FA68EF}.Release|x86.Deploy.0 = Release|x86
	EndGlobalSection
	GlobalSection(SolutionProperties) = preSolution
		HideSolutionNode = FALSE
	EndGlobalSection
	GlobalSection(ExtensibilityGlobals) = postSolution
		SolutionGuid = {779E263A-213B-47CD-BA60-6FF3571A9B7C}
	EndGlobalSection
EndGlobal
